
Microsoft Visual Studio Solution File, Format Version 12.00
# Visual Studio 15
VisualStudioVersion = 15.0.27004.2005
MinimumVisualStudioVersion = 10.0.40219.1
Project("{FAE04EC0-301F-11D3-BF4B-00C04F79EFBC}") = "CalcWebClient", "CalcWebClient\CalcWebClient.csproj", "{1D1D900C-D072-49EC-AC12-598B775E1489}"
EndProject
Project("{FAE04EC0-301F-11D3-BF4B-00C04F79EFBC}") = "AT", "AT\AT.csproj", "{5451D25B-44BA-474A-A881-B756C2396B4A}"
EndProject
Global
	GlobalSection(SolutionConfigurationPlatforms) = preSolution
		Debug|Any CPU = Debug|Any CPU
		Release|Any CPU = Release|Any CPU
	EndGlobalSection
	GlobalSection(ProjectConfigurationPlatforms) = postSolution
		{1D1D900C-D072-49EC-AC12-598B775E1489}.Debug|Any CPU.ActiveCfg = Debug|Any CPU
		{1D1D900C-D072-49EC-AC12-598B775E1489}.Debug|Any CPU.Build.0 = Debug|Any CPU
		{1D1D900C-D072-49EC-AC12-598B775E1489}.Release|Any CPU.ActiveCfg = Release|Any CPU
		{1D1D900C-D072-49EC-AC12-598B775E1489}.Release|Any CPU.Build.0 = Release|Any CPU
		{5451D25B-44BA-474A-A881-B756C2396B4A}.Debug|Any CPU.ActiveCfg = Debug|Any CPU
		{5451D25B-44BA-474A-A881-B756C2396B4A}.Debug|Any CPU.Build.0 = Debug|Any CPU
		{5451D25B-44BA-474A-A881-B756C2396B4A}.Release|Any CPU.ActiveCfg = Release|Any CPU
		{5451D25B-44BA-474A-A881-B756C2396B4A}.Release|Any CPU.Build.0 = Release|Any CPU
	EndGlobalSection
	GlobalSection(SolutionProperties) = preSolution
		HideSolutionNode = FALSE
	EndGlobalSection
	GlobalSection(ExtensibilityGlobals) = postSolution
		SolutionGuid = {8ECA256E-5FAF-421A-8922-454FE6376B62}
	EndGlobalSection
EndGlobal
